PODS:
  - Alamofire (4.0.1)

DEPENDENCIES:
  - Alamofire (from `https://github.com/Alamofire/Alamofire.git`)

EXTERNAL SOURCES:
  Alamofire:
    :git: https://github.com/Alamofire/Alamofire.git

CHECKOUT OPTIONS:
  Alamofire:
    :commit: 81913262043b41bbb446b889849acbc9dcb297b8
    :git: https://github.com/Alamofire/Alamofire.git

SPEC CHECKSUMS:
  Alamofire: 7682d43245de14874acd142ec137b144aa1dd335

PODFILE CHECKSUM: 099efd04ae9f347cdf8d0a0db062b39ebcb306b8

COCOAPODS: 1.0.1
